// !$*UTF8*$!
{
	archiveVersion = 1;
	classes = {
	};
	objectVersion = 50;
	objects = {

/* Begin PBXBuildFile section */
		FF74381F22EDD33A00D99B32 /* IMG_1655.jpg in Resources */ = {isa = PBXBuildFile; fileRef = FF74381B22EDD33A00D99B32 /* IMG_1655.jpg */; };
		FF74382022EDD33A00D99B32 /* IMG_1603.jpg in Resources */ = {isa = PBXBuildFile; fileRef = FF74381C22EDD33A00D99B32 /* IMG_1603.jpg */; };
		FF74382122EDD33A00D99B32 /* IMG_1593.jpg in Resources */ = {isa = PBXBuildFile; fileRef = FF74381D22EDD33A00D99B32 /* IMG_1593.jpg */; };
		FF74382222EDD33A00D99B32 /* IMG_1609.jpg in Resources */ = {isa = PBXBuildFile; fileRef = FF74381E22EDD33A00D99B32 /* IMG_1609.jpg */; };
		FF8FAAAC22EFEBD6000C5355 /* DetailViewController.swift in Sources */ = {isa = PBXBuildFile; fileRef = FF8FAAAB22EFEBD6000C5355 /* DetailViewController.swift */; };
		FFD9428522EDCA6000B17C82 /* AppDelegate.swift in Sources */ = {isa = PBXBuildFile; fileRef = FFD9428422EDCA6000B17C82 /* AppDelegate.swift */; };
		FFD9428722EDCA6000B17C82 /* ViewController.swift in Sources */ = {isa = PBXBuildFile; fileRef = FFD9428622EDCA6000B17C82 /* ViewController.swift */; };
		FFD9428A22EDCA6000B17C82 /* Main.storyboard in Resources */ = {isa = PBXBuildFile; fileRef = FFD9428822EDCA6000B17C82 /* Main.storyboard */; };
		FFD9428C22EDCA6200B17C82 /* Assets.xcassets in Resources */ = {isa = PBXBuildFile; fileRef = FFD9428B22EDCA6200B17C82 /* Assets.xcassets */; };
		FFD9428F22EDCA6200B17C82 /* LaunchScreen.storyboard in Resources */ = {isa = PBXBuildFile; fileRef = FFD9428D22EDCA6200B17C82 /* LaunchScreen.storyboard */; };
		FFD9429722EDCA9700B17C82 /* IMG_1578.jpg in Resources */ = {isa = PBXBuildFile; fileRef = FFD9429622EDCA9600B17C82 /* IMG_1578.jpg */; };
/* End PBXBuildFile section */

/* Begin PBXFileReference section */
		FF74381B22EDD33A00D99B32 /* IMG_1655.jpg */ = {isa = PBXFileReference; lastKnownFileType = image.jpeg; path = IMG_1655.jpg; sourceTree = "<group>"; };
		FF74381C22EDD33A00D99B32 /* IMG_1603.jpg */ = {isa = PBXFileReference; lastKnownFileType = image.jpeg; path = IMG_1603.jpg; sourceTree = "<group>"; };
		FF74381D22EDD33A00D99B32 /* IMG_1593.jpg */ = {isa = PBXFileReference; lastKnownFileType = image.jpeg; path = IMG_1593.jpg; sourceTree = "<group>"; };
		FF74381E22EDD33A00D99B32 /* IMG_1609.jpg */ = {isa = PBXFileReference; lastKnownFileType = image.jpeg; path = IMG_1609.jpg; sourceTree = "<group>"; };
		FF8FAAAB22EFEBD6000C5355 /* DetailViewController.swift */ = {isa = PBXFileReference; lastKnownFileType = sourcecode.swift; path = DetailViewController.swift; sourceTree = "<group>"; };
		FFD9428122EDCA6000B17C82 /* SlideshowApp.app */ = {isa = PBXFileReference; explicitFileType = wrapper.application; includeInIndex = 0; path = SlideshowApp.app; sourceTree = BUILT_PRODUCTS_DIR; };
		FFD9428422EDCA6000B17C82 /* AppDelegate.swift */ = {isa = PBXFileReference; lastKnownFileType = sourcecode.swift; path = AppDelegate.swift; sourceTree = "<group>"; };
		FFD9428622EDCA6000B17C82 /* ViewController.swift */ = {isa = PBXFileReference; lastKnownFileType = sourcecode.swift; path = ViewController.swift; sourceTree = "<group>"; };
		FFD9428922EDCA6000B17C82 /* Base */ = {isa = PBXFileReference; lastKnownFileType = file.storyboard; name = Base; path = Base.lproj/Main.storyboard; sourceTree = "<group>"; };
		FFD9428B22EDCA6200B17C82 /* Assets.xcassets */ = {isa = PBXFileReference; lastKnownFileType = folder.assetcatalog; path = Assets.xcassets; sourceTree = "<group>"; };
		FFD9428E22EDCA6200B17C82 /* Base */ = {isa = PBXFileReference; lastKnownFileType = file.storyboard; name = Base; path = Base.lproj/LaunchScreen.storyboard; sourceTree = "<group>"; };
		FFD9429022EDCA6200B17C82 /* Info.plist */ = {isa = PBXFileReference; lastKnownFileType = text.plist.xml; path = Info.plist; sourceTree = "<group>"; };
		FFD9429622EDCA9600B17C82 /* IMG_1578.jpg */ = {isa = PBXFileReference; lastKnownFileType = image.jpeg; path = IMG_1578.jpg; sourceTree = "<group>"; };
/* End PBXFileReference section */

/* Begin PBXFrameworksBuildPhase section */
		FFD9427E22EDCA6000B17C82 /* Frameworks */ = {
			isa = PBXFrameworksBuildPhase;
			buildActionMask = 2147483647;
			files = (
			);
			runOnlyForDeploymentPostprocessing = 0;
		};
/* End PBXFrameworksBuildPhase section */

/* Begin PBXGroup section */
		FFD9427822EDCA6000B17C82 = {
			isa = PBXGroup;
			children = (
				FFD9428322EDCA6000B17C82 /* SlideshowApp */,
				FFD9428222EDCA6000B17C82 /* Products */,
			);
			sourceTree = "<group>";
		};
		FFD9428222EDCA6000B17C82 /* Products */ = {
			isa = PBXGroup;
			children = (
				FFD9428122EDCA6000B17C82 /* SlideshowApp.app */,
			);
			name = Products;
			sourceTree = "<group>";
		};
		FFD9428322EDCA6000B17C82 /* SlideshowApp */ = {
			isa = PBXGroup;
			children = (
				FFD9428422EDCA6000B17C82 /* AppDelegate.swift */,
				FFD9428622EDCA6000B17C82 /* ViewController.swift */,
				FFD9429622EDCA9600B17C82 /* IMG_1578.jpg */,
				FF74381D22EDD33A00D99B32 /* IMG_1593.jpg */,
				FF74381C22EDD33A00D99B32 /* IMG_1603.jpg */,
				FF74381E22EDD33A00D99B32 /* IMG_1609.jpg */,
				FF74381B22EDD33A00D99B32 /* IMG_1655.jpg */,
				FFD9428822EDCA6000B17C82 /* Main.storyboard */,
				FFD9428B22EDCA6200B17C82 /* Assets.xcassets */,
				FFD9428D22EDCA6200B17C82 /* LaunchScreen.storyboard */,
				FFD9429022EDCA6200B17C82 /* Info.plist */,
				FF8FAAAB22EFEBD6000C5355 /* DetailViewController.swift */,
			);
			path = SlideshowApp;
			sourceTree = "<group>";
		};
/* End PBXGroup section */

/* Begin PBXNativeTarget section */
		FFD9428022EDCA6000B17C82 /* SlideshowApp */ = {
			isa = PBXNativeTarget;
			buildConfigurationList = FFD9429322EDCA6200B17C82 /* Build configuration list for PBXNativeTarget "SlideshowApp" */;
			buildPhases = (
				FFD9427D22EDCA6000B17C82 /* Sources */,
				FFD9427E22EDCA6000B17C82 /* Frameworks */,
				FFD9427F22EDCA6000B17C82 /* Resources */,
			);
			buildRules = (
			);
			dependencies = (
			);
			name = SlideshowApp;
			productName = SlideshowApp;
			productReference = FFD9428122EDCA6000B17C82 /* SlideshowApp.app */;
			productType = "com.apple.product-type.application";
		};
/* End PBXNativeTarget section */

/* Begin PBXProject section */
		FFD9427922EDCA6000B17C82 /* Project object */ = {
			isa = PBXProject;
			attributes = {
				LastSwiftUpdateCheck = 1020;
				LastUpgradeCheck = 1020;
				ORGANIZATIONNAME = yukihide.suda;
				TargetAttributes = {
					FFD9428022EDCA6000B17C82 = {
						CreatedOnToolsVersion = 10.2.1;
					};
				};
			};
			buildConfigurationList = FFD9427C22EDCA6000B17C82 /* Build configuration list for PBXProject "SlideshowApp" */;
			compatibilityVersion = "Xcode 9.3";
			developmentRegion = en;
			hasScannedForEncodings = 0;
			knownRegions = (
				en,
				Base,
			);
			mainGroup = FFD9427822EDCA6000B17C82;
			productRefGroup = FFD9428222EDCA6000B17C82 /* Products */;
			projectDirPath = "";
			projectRoot = "";
			targets = (
				FFD9428022EDCA6000B17C82 /* SlideshowApp */,
			);
		};
/* End PBXProject section */

/* Begin PBXResourcesBuildPhase section */
		FFD9427F22EDCA6000B17C82 /* Resources */ = {
			isa = PBXResourcesBuildPhase;
			buildActionMask = 2147483647;
			files = (
				FFD9429722EDCA9700B17C82 /* IMG_1578.jpg in Resources */,
				FF74382022EDD33A00D99B32 /* IMG_1603.jpg in Resources */,
				FF74381F22EDD33A00D99B32 /* IMG_1655.jpg in Resources */,
				FFD9428F22EDCA6200B17C82 /* LaunchScreen.storyboard in Resources */,
				FFD9428C22EDCA6200B17C82 /* Assets.xcassets in Resources */,
				FF74382122EDD33A00D99B32 /* IMG_1593.jpg in Resources */,
				FFD9428A22EDCA6000B17C82 /* Main.storyboard in Resources */,
				FF74382222EDD33A00D99B32 /* IMG_1609.jpg in Resources */,
			);
			runOnlyForDeploymentPostprocessing = 0;
		};
/* End PBXResourcesBuildPhase section */

/* Begin PBXSourcesBuildPhase section */
		FFD9427D22EDCA6000B17C82 /* Sources */ = {
			isa = PBXSourcesBuildPhase;
			buildActionMask = 2147483647;
			files = (
				FF8FAAAC22EFEBD6000C5355 /* DetailViewController.swift in Sources */,
				FFD9428722EDCA6000B17C82 /* ViewController.swift in Sources */,
				FFD9428522EDCA6000B17C82 /* AppDelegate.swift in Sources */,
			);
			runOnlyForDeploymentPostprocessing = 0;
		};
/* End PBXSourcesBuildPhase section */

/* Begin PBXVariantGroup section */
		FFD9428822EDCA6000B17C82 /* Main.storyboard */ = {
			isa = PBXVariantGroup;
			children = (
				FFD9428922EDCA6000B17C82 /* Base */,
			);
			name = Main.storyboard;
			sourceTree = "<group>";
		};
		FFD9428D22EDCA6200B17C82 /* LaunchScreen.storyboard */ = {
			isa = PBXVariantGroup;
			children = (
				FFD9428E22EDCA6200B17C82 /* Base */,
			);
			name = LaunchScreen.storyboard;
			sourceTree = "<group>";
		};
/* End PBXVariantGroup section */

/* Begin XCBuildConfiguration section */
		FFD9429122EDCA6200B17C82 /* Debug */ = {
			isa = XCBuildConfiguration;
			buildSettings = {
				ALWAYS_SEARCH_USER_PATHS = NO;
				CLANG_ANALYZER_NONNULL = YES;
				CLANG_ANALYZER_NUMBER_OBJECT_CONVERSION = YES_AGGRESSIVE;
				CLANG_CXX_LANGUAGE_STANDARD = "gnu++14";
				CLANG_CXX_LIBRARY = "libc++";
				CLANG_ENABLE_MODULES = YES;
				CLANG_ENABLE_OBJC_ARC = YES;
				CLANG_ENABLE_OBJC_WEAK = YES;
				CLANG_WARN_BLOCK_CAPTURE_AUTORELEASING = YES;
				CLANG_WARN_BOOL_CONVERSION = YES;
				CLANG_WARN_COMMA = YES;
				CLANG_WARN_CONSTANT_CONVERSION = YES;
				CLANG_WARN_DEPRECATED_OBJC_IMPLEMENTATIONS = YES;
				CLANG_WARN_DIRECT_OBJC_ISA_USAGE = YES_ERROR;
				CLANG_WARN_DOCUMENTATION_COMMENTS = YES;
				CLANG_WARN_EMPTY_BODY = YES;
				CLANG_WARN_ENUM_CONVERSION = YES;
				CLANG_WARN_INFINITE_RECURSION = YES;
				CLANG_WARN_INT_CONVERSION = YES;
				CLANG_WARN_NON_LITERAL_NULL_CONVERSION = YES;
				CLANG_WARN_OBJC_IMPLICIT_RETAIN_SELF = YES;
				CLANG_WARN_OBJC_LITERAL_CONVERSION = YES;
				CLANG_WARN_OBJC_ROOT_CLASS = YES_ERROR;
				CLANG_WARN_RANGE_LOOP_ANALYSIS = YES;
				CLANG_WARN_STRICT_PROTOTYPES = YES;
				CLANG_WARN_SUSPICIOUS_MOVE = YES;
				CLANG_WARN_UNGUARDED_AVAILABILITY = YES_AGGRESSIVE;
				CLANG_WARN_UNREACHABLE_CODE = YES;
				CLANG_WARN__DUPLICATE_METHOD_MATCH = YES;
				CODE_SIGN_IDENTITY = "iPhone Developer";
				COPY_PHASE_STRIP = NO;
				DEBUG_INFORMATION_FORMAT = dwarf;
				ENABLE_STRICT_OBJC_MSGSEND = YES;
				ENABLE_TESTABILITY = YES;
				GCC_C_LANGUAGE_STANDARD = gnu11;
				GCC_DYNAMIC_NO_PIC = NO;
				GCC_NO_COMMON_BLOCKS = YES;
				GCC_OPTIMIZATION_LEVEL = 0;
				GCC_PREPROCESSOR_DEFINITIONS = (
					"DEBUG=1",
					"$(inherited)",
				);
				GCC_WARN_64_TO_32_BIT_CONVERSION = YES;
				GCC_WARN_ABOUT_RETURN_TYPE = YES_ERROR;
				GCC_WARN_UNDECLARED_SELECTOR = YES;
				GCC_WARN_UNINITIALIZED_AUTOS = YES_AGGRESSIVE;
				GCC_WARN_UNUSED_FUNCTION = YES;
				GCC_WARN_UNUSED_VARIABLE = YES;
				IPHONEOS_DEPLOYMENT_TARGET = 12.2;
				MTL_ENABLE_DEBUG_INFO = INCLUDE_SOURCE;
				MTL_FAST_MATH = YES;
				ONLY_ACTIVE_ARCH = YES;
				SDKROOT = iphoneos;
				SWIFT_ACTIVE_COMPILATION_CONDITIONS = DEBUG;
				SWIFT_OPTIMIZATION_LEVEL = "-Onone";
			};
			name = Debug;
		};
		FFD9429222EDCA6200B17C82 /* Release */ = {
			isa = XCBuildConfiguration;
			buildSettings = {
				ALWAYS_SEARCH_USER_PATHS = NO;
				CLANG_ANALYZER_NONNULL = YES;
				CLANG_ANALYZER_NUMBER_OBJECT_CONVERSION = YES_AGGRESSIVE;
				CLANG_CXX_LANGUAGE_STANDARD = "gnu++14";
				CLANG_CXX_LIBRARY = "libc++";
				CLANG_ENABLE_MODULES = YES;
				CLANG_ENABLE_OBJC_ARC = YES;
				CLANG_ENABLE_OBJC_WEAK = YES;
				CLANG_WARN_BLOCK_CAPTURE_AUTORELEASING = YES;
				CLANG_WARN_BOOL_CONVERSION = YES;
				CLANG_WARN_COMMA = YES;
				CLANG_WARN_CONSTANT_CONVERSION = YES;
				CLANG_WARN_DEPRECATED_OBJC_IMPLEMENTATIONS = YES;
				CLANG_WARN_DIRECT_OBJC_ISA_USAGE = YES_ERROR;
				CLANG_WARN_DOCUMENTATION_COMMENTS = YES;
				CLANG_WARN_EMPTY_BODY = YES;
				CLANG_WARN_ENUM_CONVERSION = YES;
				CLANG_WARN_INFINITE_RECURSION = YES;
				CLANG_WARN_INT_CONVERSION = YES;
				CLANG_WARN_NON_LITERAL_NULL_CONVERSION = YES;
				CLANG_WARN_OBJC_IMPLICIT_RETAIN_SELF = YES;
				CLANG_WARN_OBJC_LITERAL_CONVERSION = YES;
				CLANG_WARN_OBJC_ROOT_CLASS = YES_ERROR;
				CLANG_WARN_RANGE_LOOP_ANALYSIS = YES;
				CLANG_WARN_STRICT_PROTOTYPES = YES;
				CLANG_WARN_SUSPICIOUS_MOVE = YES;
				CLANG_WARN_UNGUARDED_AVAILABILITY = YES_AGGRESSIVE;
				CLANG_WARN_UNREACHABLE_CODE = YES;
				CLANG_WARN__DUPLICATE_METHOD_MATCH = YES;
				CODE_SIGN_IDENTITY = "iPhone Developer";
				COPY_PHASE_STRIP = NO;
				DEBUG_INFORMATION_FORMAT = "dwarf-with-dsym";
				ENABLE_NS_ASSERTIONS = NO;
				ENABLE_STRICT_OBJC_MSGSEND = YES;
				GCC_C_LANGUAGE_STANDARD = gnu11;
				GCC_NO_COMMON_BLOCKS = YES;
				GCC_WARN_64_TO_32_BIT_CONVERSION = YES;
				GCC_WARN_ABOUT_RETURN_TYPE = YES_ERROR;
				GCC_WARN_UNDECLARED_SELECTOR = YES;
				GCC_WARN_UNINITIALIZED_AUTOS = YES_AGGRESSIVE;
				GCC_WARN_UNUSED_FUNCTION = YES;
				GCC_WARN_UNUSED_VARIABLE = YES;
				IPHONEOS_DEPLOYMENT_TARGET = 12.2;
				MTL_ENABLE_DEBUG_INFO = NO;
				MTL_FAST_MATH = YES;
				SDKROOT = iphoneos;
				SWIFT_COMPILATION_MODE = wholemodule;
				SWIFT_OPTIMIZATION_LEVEL = "-O";
				VALIDATE_PRODUCT = YES;
			};
			name = Release;
		};
		FFD9429422EDCA6200B17C82 /* Debug */ = {
			isa = XCBuildConfiguration;
			buildSettings = {
				ASSETCATALOG_COMPILER_APPICON_NAME = AppIcon;
				CODE_SIGN_STYLE = Automatic;
				DEVELOPMENT_TEAM = 5BHK5Y9556;
				INFOPLIST_FILE = SlideshowApp/Info.plist;
				LD_RUNPATH_SEARCH_PATHS = (
					"$(inherited)",
					"@executable_path/Frameworks",
				);
				PRODUCT_BUNDLE_IDENTIFIER = jp.techacademy.yukihide.suda.SlideshowApp;
				PRODUCT_NAME = "$(TARGET_NAME)";
				SWIFT_VERSION = 5.0;
				TARGETED_DEVICE_FAMILY = "1,2";
			};
			name = Debug;
		};
		FFD9429522EDCA6200B17C82 /* Release */ = {
			isa = XCBuildConfiguration;
			buildSettings = {
				ASSETCATALOG_COMPILER_APPICON_NAME = AppIcon;
				CODE_SIGN_STYLE = Automatic;
				DEVELOPMENT_TEAM = 5BHK5Y9556;
				INFOPLIST_FILE = SlideshowApp/Info.plist;
				LD_RUNPATH_SEARCH_PATHS = (
					"$(inherited)",
					"@executable_path/Frameworks",
				);
				PRODUCT_BUNDLE_IDENTIFIER = jp.techacademy.yukihide.suda.SlideshowApp;
				PRODUCT_NAME = "$(TARGET_NAME)";
				SWIFT_VERSION = 5.0;
				TARGETED_DEVICE_FAMILY = "1,2";
			};
			name = Release;
		};
/* End XCBuildConfiguration section */

/* Begin XCConfigurationList section */
		FFD9427C22EDCA6000B17C82 /* Build configuration list for PBXProject "SlideshowApp" */ = {
			isa = XCConfigurationList;
			buildConfigurations = (
				FFD9429122EDCA6200B17C82 /* Debug */,
				FFD9429222EDCA6200B17C82 /* Release */,
			);
			defaultConfigurationIsVisible = 0;
			defaultConfigurationName = Release;
		};
		FFD9429322EDCA6200B17C82 /* Build configuration list for PBXNativeTarget "SlideshowApp" */ = {
			isa = XCConfigurationList;
			buildConfigurations = (
				FFD9429422EDCA6200B17C82 /* Debug */,
				FFD9429522EDCA6200B17C82 /* Release */,
			);
			defaultConfigurationIsVisible = 0;
			defaultConfigurationName = Release;
		};
/* End XCConfigurationList section */
	};
	rootObject = FFD9427922EDCA6000B17C82 /* Project object */;
}
